
Microsoft Visual Studio Solution File, Format Version 12.00
# Visual Studio Version 17
VisualStudioVersion = 17.2.32630.192
MinimumVisualStudioVersion = 10.0.40219.1
Project("{8BC9CEB8-8B4A-11D0-8D11-00A0C91BC942}") = "SimpleClock", "SimpleClock\SimpleClock.vcxproj", "{9F65904A-774E-4C4B-88BC-75EDF546CCEE}"
EndProject
Global
	GlobalSection(SolutionConfigurationPlatforms) = preSolution
		Debug|x64 = Debug|x64
		Debug|x86 = Debug|x86
		Release|x64 = Release|x64
		Release|x86 = Release|x86
	EndGlobalSection
	GlobalSection(ProjectConfigurationPlatforms) = postSolution
		{9F65904A-774E-4C4B-88BC-75EDF546CCEE}.Debug|x64.ActiveCfg = Debug|x64
		{9F65904A-774E-4C4B-88BC-75EDF546CCEE}.Debug|x64.Build.0 = Debug|x64
		{9F65904A-774E-4C4B-88BC-75EDF546CCEE}.Debug|x86.ActiveCfg = Debug|Win32
		{9F65904A-774E-4C4B-88BC-75EDF546CCEE}.Debug|x86.Build.0 = Debug|Win32
		{9F65904A-774E-4C4B-88BC-75EDF546CCEE}.Release|x64.ActiveCfg = Release|x64
		{9F65904A-774E-4C4B-88BC-75EDF546CCEE}.Release|x64.Build.0 = Release|x64
		{9F65904A-774E-4C4B-88BC-75EDF546CCEE}.Release|x86.ActiveCfg = Release|Win32
		{9F65904A-774E-4C4B-88BC-75EDF546CCEE}.Release|x86.Build.0 = Release|Win32
	EndGlobalSection
	GlobalSection(SolutionProperties) = preSolution
		HideSolutionNode = FALSE
	EndGlobalSection
	GlobalSection(ExtensibilityGlobals) = postSolution
		SolutionGuid = {F32BD396-6806-4DA9-90A8-7363235FDC51}
	EndGlobalSection
EndGlobal
